
Microsoft Visual Studio Solution File, Format Version 12.00
# Visual Studio Version 17
VisualStudioVersion = 17.9.34728.123
MinimumVisualStudioVersion = 10.0.40219.1
Project("{FAE04EC0-301F-11D3-BF4B-00C04F79EFBC}") = "free_places", "free_places\free_places.csproj", "{037F4ADC-DE06-432B-8F40-A0C1A4BC5FB1}"
EndProject
Global
	GlobalSection(SolutionConfigurationPlatforms) = preSolution
		Debug|Any CPU = Debug|Any CPU
		Release|Any CPU = Release|Any CPU
	EndGlobalSection
	GlobalSection(ProjectConfigurationPlatforms) = postSolution
		{037F4ADC-DE06-432B-8F40-A0C1A4BC5FB1}.Debug|Any CPU.ActiveCfg = Debug|Any CPU
		{037F4ADC-DE06-432B-8F40-A0C1A4BC5FB1}.Debug|Any CPU.Build.0 = Debug|Any CPU
		{037F4ADC-DE06-432B-8F40-A0C1A4BC5FB1}.Release|Any CPU.ActiveCfg = Release|Any CPU
		{037F4ADC-DE06-432B-8F40-A0C1A4BC5FB1}.Release|Any CPU.Build.0 = Release|Any CPU
	EndGlobalSection
	GlobalSection(SolutionProperties) = preSolution
		HideSolutionNode = FALSE
	EndGlobalSection
	GlobalSection(ExtensibilityGlobals) = postSolution
		SolutionGuid = {384B6D06-8466-4DCF-97E7-493F16EA782C}
	EndGlobalSection
EndGlobal
